
Microsoft Visual Studio Solution File, Format Version 12.00
# Visual Studio Version 17
VisualStudioVersion = 17.5.002.0
MinimumVisualStudioVersion = 10.0.40219.1
Project("{9A19103F-16F7-4668-BE54-9A1E7A4F7556}") = "BAVCL", "BAVCL.csproj", "{D7CD3E74-C2E3-4721-BDD5-3982F8003548}"
EndProject
Global
	GlobalSection(SolutionConfigurationPlatforms) = preSolution
		Debug|Any CPU = Debug|Any CPU
		Release|Any CPU = Release|Any CPU
	EndGlobalSection
	GlobalSection(ProjectConfigurationPlatforms) = postSolution
		{D7CD3E74-C2E3-4721-BDD5-3982F8003548}.Debug|Any CPU.ActiveCfg = Debug|Any CPU
		{D7CD3E74-C2E3-4721-BDD5-3982F8003548}.Debug|Any CPU.Build.0 = Debug|Any CPU
		{D7CD3E74-C2E3-4721-BDD5-3982F8003548}.Release|Any CPU.ActiveCfg = Release|Any CPU
		{D7CD3E74-C2E3-4721-BDD5-3982F8003548}.Release|Any CPU.Build.0 = Release|Any CPU
	EndGlobalSection
	GlobalSection(SolutionProperties) = preSolution
		HideSolutionNode = FALSE
	EndGlobalSection
	GlobalSection(ExtensibilityGlobals) = postSolution
		SolutionGuid = {3C247EA8-9A70-4E19-9567-ACA285BD7CC1}
	EndGlobalSection
EndGlobal
