
Microsoft Visual Studio Solution File, Format Version 12.00
# Visual Studio Version 17
VisualStudioVersion = 17.0.31912.275
MinimumVisualStudioVersion = 10.0.40219.1
Project("{9A19103F-16F7-4668-BE54-9A1E7A4F7556}") = "Testing Console", "Testing Console\Testing Console.csproj", "{2F94C056-EAF9-467A-8325-03525129D769}"
EndProject
Project("{2150E333-8FDC-42A3-9474-1A3956D46DE8}") = "Solution Items", "Solution Items", "{DB52E91C-8208-4356-BC2F-6D61D61ABDA1}"
	ProjectSection(SolutionItems) = preProject
		.editorconfig = .editorconfig
	EndProjectSection
EndProject
Project("{9A19103F-16F7-4668-BE54-9A1E7A4F7556}") = "BAVCL", "BAVCL\BAVCL.csproj", "{9BC419A9-FFE1-487D-8A2A-CE09EB24B123}"
EndProject
Project("{FAE04EC0-301F-11D3-BF4B-00C04F79EFBC}") = "BAVCL.Tests", "BAVCL.Tests\BAVCL.Tests.csproj", "{E12322C3-8E16-4916-B700-5EA860F64048}"
EndProject
Global
	GlobalSection(SolutionConfigurationPlatforms) = preSolution
		Debug|Any CPU = Debug|Any CPU
		Debug|x64 = Debug|x64
		Debug|x86 = Debug|x86
		Release|Any CPU = Release|Any CPU
		Release|x64 = Release|x64
		Release|x86 = Release|x86
	EndGlobalSection
	GlobalSection(ProjectConfigurationPlatforms) = postSolution
		{2F94C056-EAF9-467A-8325-03525129D769}.Debug|Any CPU.ActiveCfg = Debug|Any CPU
		{2F94C056-EAF9-467A-8325-03525129D769}.Debug|Any CPU.Build.0 = Debug|Any CPU
		{2F94C056-EAF9-467A-8325-03525129D769}.Debug|x64.ActiveCfg = Debug|Any CPU
		{2F94C056-EAF9-467A-8325-03525129D769}.Debug|x64.Build.0 = Debug|Any CPU
		{2F94C056-EAF9-467A-8325-03525129D769}.Debug|x86.ActiveCfg = Debug|Any CPU
		{2F94C056-EAF9-467A-8325-03525129D769}.Debug|x86.Build.0 = Debug|Any CPU
		{2F94C056-EAF9-467A-8325-03525129D769}.Release|Any CPU.ActiveCfg = Release|Any CPU
		{2F94C056-EAF9-467A-8325-03525129D769}.Release|Any CPU.Build.0 = Release|Any CPU
		{2F94C056-EAF9-467A-8325-03525129D769}.Release|x64.ActiveCfg = Release|Any CPU
		{2F94C056-EAF9-467A-8325-03525129D769}.Release|x64.Build.0 = Release|Any CPU
		{2F94C056-EAF9-467A-8325-03525129D769}.Release|x86.ActiveCfg = Release|Any CPU
		{2F94C056-EAF9-467A-8325-03525129D769}.Release|x86.Build.0 = Release|Any CPU
		{9BC419A9-FFE1-487D-8A2A-CE09EB24B123}.Debug|Any CPU.ActiveCfg = Debug|Any CPU
		{9BC419A9-FFE1-487D-8A2A-CE09EB24B123}.Debug|Any CPU.Build.0 = Debug|Any CPU
		{9BC419A9-FFE1-487D-8A2A-CE09EB24B123}.Debug|x64.ActiveCfg = Debug|Any CPU
		{9BC419A9-FFE1-487D-8A2A-CE09EB24B123}.Debug|x64.Build.0 = Debug|Any CPU
		{9BC419A9-FFE1-487D-8A2A-CE09EB24B123}.Debug|x86.ActiveCfg = Debug|Any CPU
		{9BC419A9-FFE1-487D-8A2A-CE09EB24B123}.Debug|x86.Build.0 = Debug|Any CPU
		{9BC419A9-FFE1-487D-8A2A-CE09EB24B123}.Release|Any CPU.ActiveCfg = Release|Any CPU
		{9BC419A9-FFE1-487D-8A2A-CE09EB24B123}.Release|Any CPU.Build.0 = Release|Any CPU
		{9BC419A9-FFE1-487D-8A2A-CE09EB24B123}.Release|x64.ActiveCfg = Release|Any CPU
		{9BC419A9-FFE1-487D-8A2A-CE09EB24B123}.Release|x64.Build.0 = Release|Any CPU
		{9BC419A9-FFE1-487D-8A2A-CE09EB24B123}.Release|x86.ActiveCfg = Release|Any CPU
		{9BC419A9-FFE1-487D-8A2A-CE09EB24B123}.Release|x86.Build.0 = Release|Any CPU
		{E12322C3-8E16-4916-B700-5EA860F64048}.Debug|Any CPU.ActiveCfg = Debug|Any CPU
		{E12322C3-8E16-4916-B700-5EA860F64048}.Debug|Any CPU.Build.0 = Debug|Any CPU
		{E12322C3-8E16-4916-B700-5EA860F64048}.Debug|x64.ActiveCfg = Debug|Any CPU
		{E12322C3-8E16-4916-B700-5EA860F64048}.Debug|x64.Build.0 = Debug|Any CPU
		{E12322C3-8E16-4916-B700-5EA860F64048}.Debug|x86.ActiveCfg = Debug|Any CPU
		{E12322C3-8E16-4916-B700-5EA860F64048}.Debug|x86.Build.0 = Debug|Any CPU
		{E12322C3-8E16-4916-B700-5EA860F64048}.Release|Any CPU.ActiveCfg = Release|Any CPU
		{E12322C3-8E16-4916-B700-5EA860F64048}.Release|Any CPU.Build.0 = Release|Any CPU
		{E12322C3-8E16-4916-B700-5EA860F64048}.Release|x64.ActiveCfg = Release|Any CPU
		{E12322C3-8E16-4916-B700-5EA860F64048}.Release|x64.Build.0 = Release|Any CPU
		{E12322C3-8E16-4916-B700-5EA860F64048}.Release|x86.ActiveCfg = Release|Any CPU
		{E12322C3-8E16-4916-B700-5EA860F64048}.Release|x86.Build.0 = Release|Any CPU
	EndGlobalSection
	GlobalSection(SolutionProperties) = preSolution
		HideSolutionNode = FALSE
	EndGlobalSection
	GlobalSection(ExtensibilityGlobals) = postSolution
		SolutionGuid = {981357C2-F7CB-4499-9598-C835C4A05B74}
	EndGlobalSection
EndGlobal
